PODS:
  - WZRoute (5.0.1):
    - WZRoute/Source (= 5.0.1)
  - WZRoute/Source (5.0.1)

DEPENDENCIES:
  - WZRoute (from `../`)

EXTERNAL SOURCES:
  WZRoute:
    :path: "../"

SPEC CHECKSUMS:
  WZRoute: 7887a666453011d17274f86e230890183605071e

PODFILE CHECKSUM: b8c19d348b512c21743ee16a5e49bb6ffc818cb4

COCOAPODS: 1.10.0
