PODS:
  - WZRoute (2.0.6):
    - WZRoute/Source (= 2.0.6)
  - WZRoute/Source (2.0.6)

DEPENDENCIES:
  - WZRoute (from `../`)

EXTERNAL SOURCES:
  WZRoute:
    :path: "../"

SPEC CHECKSUMS:
  WZRoute: e566d5f8e6a9ff8e117ca109206fad17b12681b2

PODFILE CHECKSUM: 70aa4f3092a90e839cf5a31a5a17c0464eb71cb6

COCOAPODS: 1.10.0
